# This file is automatically @generated by Poetry 2.1.3 and should not be changed by hand.

[[package]]
name = "attrs"
version = "25.3.0"
description = "Classes Without Boilerplate"
optional = false
python-versions = ">=3.8"
groups = ["main"]
files = [
    {file = "attrs-25.3.0-py3-none-any.whl", hash = "sha256:427318ce031701fea540783410126f03899a97ffc6f61596ad581ac2e40e3bc3"},
    {file = "attrs-25.3.0.tar.gz", hash = "sha256:75d7cefc7fb576747b2c81b4442d4d4a1ce0900973527c011d1030fd3bf4af1b"},
]

[package.extras]
benchmark = ["cloudpickle ; platform_python_implementation == \"CPython\"", "hypothesis", "mypy (>=1.11.1) ; platform_python_implementation == \"CPython\" and python_version >= \"3.10\"", "pympler", "pytest (>=4.3.0)", "pytest-codspeed", "pytest-mypy-plugins ; platform_python_implementation == \"CPython\" and python_version >= \"3.10\"", "pytest-xdist[psutil]"]
cov = ["cloudpickle ; platform_python_implementation == \"CPython\"", "coverage[toml] (>=5.3)", "hypothesis", "mypy (>=1.11.1) ; platform_python_implementation == \"CPython\" and python_version >= \"3.10\"", "pympler", "pytest (>=4.3.0)", "pytest-mypy-plugins ; platform_python_implementation == \"CPython\" and python_version >= \"3.10\"", "pytest-xdist[psutil]"]
dev = ["cloudpickle ; platform_python_implementation == \"CPython\"", "hypothesis", "mypy (>=1.11.1) ; platform_python_implementation == \"CPython\" and python_version >= \"3.10\"", "pre-commit-uv", "pympler", "pytest (>=4.3.0)", "pytest-mypy-plugins ; platform_python_implementation == \"CPython\" and python_version >= \"3.10\"", "pytest-xdist[psutil]"]
docs = ["cogapp", "furo", "myst-parser", "sphinx", "sphinx-notfound-page", "sphinxcontrib-towncrier", "towncrier"]
tests = ["cloudpickle ; platform_python_implementation == \"CPython\"", "hypothesis", "mypy (>=1.11.1) ; platform_python_implementation == \"CPython\" and python_version >= \"3.10\"", "pympler", "pytest (>=4.3.0)", "pytest-mypy-plugins ; platform_python_implementation == \"CPython\" and python_version >= \"3.10\"", "pytest-xdist[psutil]"]
tests-mypy = ["mypy (>=1.11.1) ; platform_python_implementation == \"CPython\" and python_version >= \"3.10\"", "pytest-mypy-plugins ; platform_python_implementation == \"CPython\" and python_version >= \"3.10\""]

[[package]]
name = "awacs"
version = "2.5.0"
description = "AWS Access Policy Language creation library"
optional = false
python-versions = ">=3.9"
groups = ["main"]
files = [
    {file = "awacs-2.5.0-py3-none-any.whl", hash = "sha256:ec546ff7eb46f448e28ffdbc7540fab6a9fcb0583550dde1811a520c46cbd2a7"},
    {file = "awacs-2.5.0.tar.gz", hash = "sha256:99d53cf0a1f56f1b0944e1bbd2d4b6158bd14ab9479412bd18ac51e20835385c"},
]

[[package]]
name = "aws-cdk-asset-awscli-v1"
version = "2.2.234"
description = "A library that contains the AWS CLI for use in Lambda Layers"
optional = false
python-versions = "~=3.9"
groups = ["main"]
files = [
    {file = "aws_cdk_asset_awscli_v1-2.2.234-py3-none-any.whl", hash = "sha256:aa6c2467e21317746d38ce00d7695c49627be892a17b4e30b83ef2483e7c0ceb"},
    {file = "aws_cdk_asset_awscli_v1-2.2.234.tar.gz", hash = "sha256:1a581d3ec2addfe222ab4315d1f1f8e204f0d765c69ace3741337878c5c498b3"},
]

[package.dependencies]
jsii = ">=1.111.0,<2.0.0"
publication = ">=0.0.3"
typeguard = ">=2.13.3,<4.3.0"

[[package]]
name = "aws-cdk-asset-node-proxy-agent-v6"
version = "2.1.0"
description = "@aws-cdk/asset-node-proxy-agent-v6"
optional = false
python-versions = "~=3.8"
groups = ["main"]
files = [
    {file = "aws_cdk.asset_node_proxy_agent_v6-2.1.0-py3-none-any.whl", hash = "sha256:24a388b69a44d03bae6dbf864c4e25ba650d4b61c008b4568b94ffbb9a69e40e"},
    {file = "aws_cdk_asset_node_proxy_agent_v6-2.1.0.tar.gz", hash = "sha256:1f292c0631f86708ba4ee328b3a2b229f7e46ea1c79fbde567ee9eb119c2b0e2"},
]

[package.dependencies]
jsii = ">=1.103.1,<2.0.0"
publication = ">=0.0.3"
typeguard = ">=2.13.3,<5.0.0"

[[package]]
name = "aws-cdk-cloud-assembly-schema"
version = "41.2.0"
description = "Schema for the protocol between CDK framework and CDK CLI"
optional = false
python-versions = "~=3.8"
groups = ["main"]
files = [
    {file = "aws_cdk.cloud_assembly_schema-41.2.0-py3-none-any.whl", hash = "sha256:779ca7e3edb02695e0a94a1f38e322b04fbe192cd7944553f80b681a21edd670"},
    {file = "aws_cdk_cloud_assembly_schema-41.2.0.tar.gz", hash = "sha256:7064ac13f6944fd53f8d8eace611d3c5d8db7014049d629f5c47ede8dc5f2e3b"},
]

[package.dependencies]
jsii = ">=1.108.0,<2.0.0"
publication = ">=0.0.3"
typeguard = ">=2.13.3,<4.3.0"

[[package]]
name = "aws-cdk-lib"
version = "2.194.0"
description = "Version 2 of the AWS Cloud Development Kit library"
optional = false
python-versions = "~=3.9"
groups = ["main"]
files = [
    {file = "aws_cdk_lib-2.194.0-py3-none-any.whl", hash = "sha256:ed331e6afa90eaa7d84ef73f15344053fc2070727c0d504edb910fed53197b54"},
    {file = "aws_cdk_lib-2.194.0.tar.gz", hash = "sha256:0c42f13bc710b200fcf1a0f6c8a86354d24d05a565418b861d25776ca5355dae"},
]

[package.dependencies]
"aws-cdk.asset-awscli-v1" = ">=2.2.229,<3.0.0"
"aws-cdk.asset-node-proxy-agent-v6" = ">=2.1.0,<3.0.0"
"aws-cdk.cloud-assembly-schema" = ">=41.0.0,<42.0.0"
constructs = ">=10.0.0,<11.0.0"
jsii = ">=1.110.0,<2.0.0"
publication = ">=0.0.3"
typeguard = ">=2.13.3,<4.3.0"

[[package]]
name = "boto3"
version = "1.38.7"
description = "The AWS SDK for Python"
optional = false
python-versions = ">=3.9"
groups = ["main"]
files = [
    {file = "boto3-1.38.7-py3-none-any.whl", hash = "sha256:c548983189b0a88f09cd4c572519b1923695b25cd877def58b61e03f41a6fd96"},
    {file = "boto3-1.38.7.tar.gz", hash = "sha256:0269f793f0affc646b95c2cd12d42a4db49d5f30ef1073f616a112a384933f8e"},
]

[package.dependencies]
botocore = ">=1.38.7,<1.39.0"
jmespath = ">=0.7.1,<2.0.0"
s3transfer = ">=0.12.0,<0.13.0"

[package.extras]
crt = ["botocore[crt] (>=1.21.0,<2.0a0)"]

[[package]]
name = "botocore"
version = "1.38.7"
description = "Low-level, data-driven core of boto 3."
optional = false
python-versions = ">=3.9"
groups = ["main"]
files = [
    {file = "botocore-1.38.7-py3-none-any.whl", hash = "sha256:a002ec18cc02c4b039d20c39ca88ecf2fdb9533c0a5f3670e8c0fcdd3ee4a045"},
    {file = "botocore-1.38.7.tar.gz", hash = "sha256:5c6df7171390437683072aadc0d2dfbcbfa72df52a134a5d4bed811ed214c3df"},
]

[package.dependencies]
jmespath = ">=0.7.1,<2.0.0"
python-dateutil = ">=2.1,<3.0.0"
urllib3 = [
    {version = ">=1.25.4,<1.27", markers = "python_version < \"3.10\""},
    {version = ">=1.25.4,<2.2.0 || >2.2.0,<3", markers = "python_version >= \"3.10\""},
]

[package.extras]
crt = ["awscrt (==0.23.8)"]

[[package]]
name = "cattrs"
version = "24.1.3"
description = "Composable complex class support for attrs and dataclasses."
optional = false
python-versions = ">=3.8"
groups = ["main"]
files = [
    {file = "cattrs-24.1.3-py3-none-any.whl", hash = "sha256:adf957dddd26840f27ffbd060a6c4dd3b2192c5b7c2c0525ef1bd8131d8a83f5"},
    {file = "cattrs-24.1.3.tar.gz", hash = "sha256:981a6ef05875b5bb0c7fb68885546186d306f10f0f6718fe9b96c226e68821ff"},
]

[package.dependencies]
attrs = ">=23.1.0"
exceptiongroup = {version = ">=1.1.1", markers = "python_version < \"3.11\""}
typing-extensions = {version = ">=4.1.0,<4.6.3 || >4.6.3", markers = "python_version < \"3.11\""}

[package.extras]
bson = ["pymongo (>=4.4.0)"]
cbor2 = ["cbor2 (>=5.4.6)"]
msgpack = ["msgpack (>=1.0.5)"]
msgspec = ["msgspec (>=0.18.5) ; implementation_name == \"cpython\""]
orjson = ["orjson (>=3.9.2) ; implementation_name == \"cpython\""]
pyyaml = ["pyyaml (>=6.0)"]
tomlkit = ["tomlkit (>=0.11.8)"]
ujson = ["ujson (>=5.7.0)"]

[[package]]
name = "cfn-flip"
version = "1.3.0"
description = "Convert AWS CloudFormation templates between JSON and YAML formats"
optional = false
python-versions = "*"
groups = ["main"]
files = [
    {file = "cfn_flip-1.3.0-py3-none-any.whl", hash = "sha256:faca8e77f0d32fb84cce1db1ef4c18b14a325d31125dae73c13bcc01947d2722"},
    {file = "cfn_flip-1.3.0.tar.gz", hash = "sha256:003e02a089c35e1230ffd0e1bcfbbc4b12cc7d2deb2fcc6c4228ac9819307362"},
]

[package.dependencies]
Click = "*"
PyYAML = ">=4.1"
six = "*"

[[package]]
name = "click"
version = "8.1.8"
description = "Composable command line interface toolkit"
optional = false
python-versions = ">=3.7"
groups = ["main"]
files = [
    {file = "click-8.1.8-py3-none-any.whl", hash = "sha256:63c132bbbed01578a06712a2d1f497bb62d9c1c0d329b7903a866228027263b2"},
    {file = "click-8.1.8.tar.gz", hash = "sha256:ed53c9d8990d83c2a27deae68e4ee337473f6330c040a31d4225c9574d16096a"},
]

[package.dependencies]
colorama = {version = "*", markers = "platform_system == \"Windows\""}

[[package]]
name = "colorama"
version = "0.4.6"
description = "Cross-platform colored terminal text."
optional = false
python-versions = "!=3.0.*,!=3.1.*,!=3.2.*,!=3.3.*,!=3.4.*,!=3.5.*,!=3.6.*,>=2.7"
groups = ["main"]
markers = "platform_system == \"Windows\""
files = [
    {file = "colorama-0.4.6-py2.py3-none-any.whl", hash = "sha256:4f1d9991f5acc0ca119f9d443620b77f9d6b33703e51011c16baf57afb285fc6"},
    {file = "colorama-0.4.6.tar.gz", hash = "sha256:08695f5cb7ed6e0531a20572697297273c47b8cae5a63ffc6d6ed5c201be6e44"},
]

[[package]]
name = "constructs"
version = "10.4.2"
description = "A programming model for software-defined state"
optional = false
python-versions = "~=3.8"
groups = ["main"]
files = [
    {file = "constructs-10.4.2-py3-none-any.whl", hash = "sha256:1f0f59b004edebfde0f826340698b8c34611f57848139b7954904c61645f13c1"},
    {file = "constructs-10.4.2.tar.gz", hash = "sha256:ce54724360fffe10bab27d8a081844eb81f5ace7d7c62c84b719c49f164d5307"},
]

[package.dependencies]
jsii = ">=1.102.0,<2.0.0"
publication = ">=0.0.3"
typeguard = ">=2.13.3,<2.14.0"

[[package]]
name = "ecdsa"
version = "0.19.0"
description = "ECDSA cryptographic signature library (pure python)"
optional = false
python-versions = "!=3.0.*,!=3.1.*,!=3.2.*,!=3.3.*,!=3.4.*,>=2.6"
groups = ["main"]
files = [
    {file = "ecdsa-0.19.0-py2.py3-none-any.whl", hash = "sha256:2cea9b88407fdac7bbeca0833b189e4c9c53f2ef1e1eaa29f6224dbc809b707a"},
    {file = "ecdsa-0.19.0.tar.gz", hash = "sha256:60eaad1199659900dd0af521ed462b793bbdf867432b3948e87416ae4caf6bf8"},
]

[package.dependencies]
six = ">=1.9.0"

[package.extras]
gmpy = ["gmpy"]
gmpy2 = ["gmpy2"]

[[package]]
name = "exceptiongroup"
version = "1.2.2"
description = "Backport of PEP 654 (exception groups)"
optional = false
python-versions = ">=3.7"
groups = ["main"]
markers = "python_version < \"3.11\""
files = [
    {file = "exceptiongroup-1.2.2-py3-none-any.whl", hash = "sha256:3111b9d131c238bec2f8f516e123e14ba243563fb135d3fe885990585aa7795b"},
    {file = "exceptiongroup-1.2.2.tar.gz", hash = "sha256:47c2edf7c6738fafb49fd34290706d1a1a2f4d1c6df275526b62cbb4aa5393cc"},
]

[package.extras]
test = ["pytest (>=6)"]

[[package]]
name = "flake8"
version = "3.9.2"
description = "the modular source code checker: pep8 pyflakes and co"
optional = false
python-versions = "!=3.0.*,!=3.1.*,!=3.2.*,!=3.3.*,!=3.4.*,>=2.7"
groups = ["dev"]
files = [
    {file = "flake8-3.9.2-py2.py3-none-any.whl", hash = "sha256:bf8fd333346d844f616e8d47905ef3a3384edae6b4e9beb0c5101e25e3110907"},
    {file = "flake8-3.9.2.tar.gz", hash = "sha256:07528381786f2a6237b061f6e96610a4167b226cb926e2aa2b6b1d78057c576b"},
]

[package.dependencies]
mccabe = ">=0.6.0,<0.7.0"
pycodestyle = ">=2.7.0,<2.8.0"
pyflakes = ">=2.3.0,<2.4.0"

[[package]]
name = "formic2"
version = "1.0.3"
description = "An implementation of Apache Ant FileSet and Globs"
optional = false
python-versions = ">=2.6, <4"
groups = ["main"]
files = [
    {file = "formic2-1.0.3-py2-none-any.whl", hash = "sha256:94abc00d86403585ad4991dd59a66cadbc9a49143e965e20319d1e44ef030a87"},
    {file = "formic2-1.0.3-py3-none-any.whl", hash = "sha256:0897c188b7d182525de12bc9c0c1472b88856a9d87884f7c38717f8393366c61"},
    {file = "formic2-1.0.3.tar.gz", hash = "sha256:21bedd18fbd9010638b7449c7ce008b424a5f8835c224b81fbd07f666bfc6808"},
]

[[package]]
name = "future"
version = "1.0.0"
description = "Clean single-source support for Python 3 and 2"
optional = false
python-versions = ">=2.6, !=3.0.*, !=3.1.*, !=3.2.*"
groups = ["main"]
files = [
    {file = "future-1.0.0-py3-none-any.whl", hash = "sha256:929292d34f5872e70396626ef385ec22355a1fae8ad29e1a734c3e43f9fbc216"},
    {file = "future-1.0.0.tar.gz", hash = "sha256:bd2968309307861edae1458a4f8a4f3598c03be43b97521076aebf5d94c07b05"},
]

[[package]]
name = "gitdb2"
version = "2.0.6"
description = "Git Object Database"
optional = false
python-versions = ">=2.7, !=3.0.*, !=3.1.*, !=3.2.*, !=3.3.*"
groups = ["main"]
files = [
    {file = "gitdb2-2.0.6-py2.py3-none-any.whl", hash = "sha256:96bbb507d765a7f51eb802554a9cfe194a174582f772e0d89f4e87288c288b7b"},
    {file = "gitdb2-2.0.6.tar.gz", hash = "sha256:1b6df1433567a51a4a9c1a5a0de977aa351a405cc56d7d35f3388bad1f630350"},
]

[package.dependencies]
smmap2 = ">=2.0.0"

[[package]]
name = "gitpython"
version = "2.1.15"
description = "Python Git Library"
optional = false
python-versions = ">=2.7, !=3.0.*, !=3.1.*, !=3.2.*, !=3.3.*"
groups = ["main"]
files = [
    {file = "GitPython-2.1.15-py2.py3-none-any.whl", hash = "sha256:23b4de99c5fc1564701301cead04e16aa3e47019034668327206d1b52e1e54f7"},
    {file = "GitPython-2.1.15.tar.gz", hash = "sha256:838c38d882a97b2fd146dbd4eb9baaf857cb65ebaa64e4c06fca48aaa491e1c6"},
]

[package.dependencies]
gitdb2 = ">=2,<3"

[[package]]
name = "importlib-resources"
version = "6.5.2"
description = "Read resources from Python packages"
optional = false
python-versions = ">=3.9"
groups = ["main"]
files = [
    {file = "importlib_resources-6.5.2-py3-none-any.whl", hash = "sha256:789cfdc3ed28c78b67a06acb8126751ced69a3d5f79c095a98298cd8a760ccec"},
    {file = "importlib_resources-6.5.2.tar.gz", hash = "sha256:185f87adef5bcc288449d98fb4fba07cea78bc036455dd44c5fc4a2fe78fed2c"},
]

[package.dependencies]
zipp = {version = ">=3.1.0", markers = "python_version < \"3.10\""}

[package.extras]
check = ["pytest-checkdocs (>=2.4)", "pytest-ruff (>=0.2.1) ; sys_platform != \"cygwin\""]
cover = ["pytest-cov"]
doc = ["furo", "jaraco.packaging (>=9.3)", "jaraco.tidelift (>=1.4)", "rst.linker (>=1.9)", "sphinx (>=3.5)", "sphinx-lint"]
enabler = ["pytest-enabler (>=2.2)"]
test = ["jaraco.test (>=5.4)", "pytest (>=6,!=8.1.*)", "zipp (>=3.17)"]
type = ["pytest-mypy"]

[[package]]
name = "jinja2"
version = "2.11.3"
description = "A very fast and expressive template engine."
optional = false
python-versions = ">=2.7, !=3.0.*, !=3.1.*, !=3.2.*, !=3.3.*, !=3.4.*"
groups = ["main"]
files = [
    {file = "Jinja2-2.11.3-py2.py3-none-any.whl", hash = "sha256:03e47ad063331dd6a3f04a43eddca8a966a26ba0c5b7207a9a9e4e08f1b29419"},
    {file = "Jinja2-2.11.3.tar.gz", hash = "sha256:a6d58433de0ae800347cab1fa3043cebbabe8baa9d29e668f1c768cb87a333c6"},
]

[package.dependencies]
MarkupSafe = ">=0.23"

[package.extras]
i18n = ["Babel (>=0.8)"]

[[package]]
name = "jmespath"
version = "1.0.1"
description = "JSON Matching Expressions"
optional = false
python-versions = ">=3.7"
groups = ["main"]
files = [
    {file = "jmespath-1.0.1-py3-none-any.whl", hash = "sha256:02e2e4cc71b5bcab88332eebf907519190dd9e6e82107fa7f83b1003a6252980"},
    {file = "jmespath-1.0.1.tar.gz", hash = "sha256:90261b206d6defd58fdd5e85f478bf633a2901798906be2ad389150c5c60edbe"},
]

[[package]]
name = "jsii"
version = "1.111.0"
description = "Python client for jsii runtime"
optional = false
python-versions = "~=3.9"
groups = ["main"]
files = [
    {file = "jsii-1.111.0-py3-none-any.whl", hash = "sha256:3084e31173e73d2eefee678c8ee31aa49428830509043057a421a4c0dde94434"},
    {file = "jsii-1.111.0.tar.gz", hash = "sha256:db523ab9b6575c84d6ed8779cdbdc739abd48a7cb0723b66beb84c1a9dc31c7c"},
]

[package.dependencies]
attrs = ">=21.2,<26.0"
cattrs = ">=1.8,<24.2"
importlib-resources = ">=5.2.0"
publication = ">=0.0.3"
python-dateutil = "*"
typeguard = ">=2.13.3,<4.5.0"
typing-extensions = ">=3.8,<5.0"

[[package]]
name = "markupsafe"
version = "1.1.1"
description = "Safely add untrusted strings to HTML/XML markup."
optional = false
python-versions = ">=2.7,!=3.0.*,!=3.1.*,!=3.2.*,!=3.3.*"
groups = ["main"]
files = [
    {file = "MarkupSafe-1.1.1-cp27-cp27m-macosx_10_6_intel.whl", hash = "sha256:09027a7803a62ca78792ad89403b1b7a73a01c8cb65909cd876f7fcebd79b161"},
    {file = "MarkupSafe-1.1.1-cp27-cp27m-manylinux1_i686.whl", hash = "sha256:e249096428b3ae81b08327a63a485ad0878de3fb939049038579ac0ef61e17e7"},
    {file = "MarkupSafe-1.1.1-cp27-cp27m-manylinux1_x86_64.whl", hash = "sha256:500d4957e52ddc3351cabf489e79c91c17f6e0899158447047588650b5e69183"},
    {file = "MarkupSafe-1.1.1-cp27-cp27m-win32.whl", hash = "sha256:b2051432115498d3562c084a49bba65d97cf251f5a331c64a12ee7e04dacc51b"},
    {file = "MarkupSafe-1.1.1-cp27-cp27m-win_amd64.whl", hash = "sha256:98c7086708b163d425c67c7a91bad6e466bb99d797aa64f965e9d25c12111a5e"},
    {file = "MarkupSafe-1.1.1-cp27-cp27mu-manylinux1_i686.whl", hash = "sha256:cd5df75523866410809ca100dc9681e301e3c27567cf498077e8551b6d20e42f"},
    {file = "MarkupSafe-1.1.1-cp27-cp27mu-manylinux1_x86_64.whl", hash = "sha256:43a55c2930bbc139570ac2452adf3d70cdbb3cfe5912c71cdce1c2c6bbd9c5d1"},
    {file = "MarkupSafe-1.1.1-cp34-cp34m-macosx_10_6_intel.whl", hash = "sha256:1027c282dad077d0bae18be6794e6b6b8c91d58ed8a8d89a89d59693b9131db5"},
    {file = "MarkupSafe-1.1.1-cp34-cp34m-manylinux1_i686.whl", hash = "sha256:62fe6c95e3ec8a7fad637b7f3d372c15ec1caa01ab47926cfdf7a75b40e0eac1"},
    {file = "MarkupSafe-1.1.1-cp34-cp34m-manylinux1_x86_64.whl", hash = "sha256:88e5fcfb52ee7b911e8bb6d6aa2fd21fbecc674eadd44118a9cc3863f938e735"},
    {file = "MarkupSafe-1.1.1-cp34-cp34m-win32.whl", hash = "sha256:ade5e387d2ad0d7ebf59146cc00c8044acbd863725f887353a10df825fc8ae21"},
    {file = "MarkupSafe-1.1.1-cp34-cp34m-win_amd64.whl", hash = "sha256:09c4b7f37d6c648cb13f9230d847adf22f8171b1ccc4d5682398e77f40309235"},
    {file = "MarkupSafe-1.1.1-cp35-cp35m-macosx_10_6_intel.whl", hash = "sha256:79855e1c5b8da654cf486b830bd42c06e8780cea587384cf6545b7d9ac013a0b"},
    {file = "MarkupSafe-1.1.1-cp35-cp35m-manylinux1_i686.whl", hash = "sha256:c8716a48d94b06bb3b2524c2b77e055fb313aeb4ea620c8dd03a105574ba704f"},
    {file = "MarkupSafe-1.1.1-cp35-cp35m-manylinux1_x86_64.whl", hash = "sha256:7c1699dfe0cf8ff607dbdcc1e9b9af1755371f92a68f706051cc8c37d447c905"},
    {file = "MarkupSafe-1.1.1-cp35-cp35m-win32.whl", hash = "sha256:6dd73240d2af64df90aa7c4e7481e23825ea70af4b4922f8ede5b9e35f78a3b1"},
    {file = "MarkupSafe-1.1.1-cp35-cp35m-win_amd64.whl", hash = "sha256:9add70b36c5666a2ed02b43b335fe19002ee5235efd4b8a89bfcf9005bebac0d"},
    {file = "MarkupSafe-1.1.1-cp36-cp36m-macosx_10_6_intel.whl", hash = "sha256:24982cc2533820871eba85ba648cd53d8623687ff11cbb805be4ff7b4c971aff"},
    {file = "MarkupSafe-1.1.1-cp36-cp36m-macosx_10_9_x86_64.whl", hash = "sha256:d53bc011414228441014aa71dbec320c66468c1030aae3a6e29778a3382d96e5"},
    {file = "MarkupSafe-1.1.1-cp36-cp36m-manylinux1_i686.whl", hash = "sha256:00bc623926325b26bb9605ae9eae8a215691f33cae5df11ca5424f06f2d1f473"},
    {file = "MarkupSafe-1.1.1-cp36-cp36m-manylinux1_x86_64.whl", hash = "sha256:717ba8fe3ae9cc0006d7c451f0bb265ee07739daf76355d06366154ee68d221e"},
    {file = "MarkupSafe-1.1.1-cp36-cp36m-manylinux2010_i686.whl", hash = "sha256:3b8a6499709d29c2e2399569d96719a1b21dcd94410a586a18526b143ec8470f"},
    {file = "MarkupSafe-1.1.1-cp36-cp36m-manylinux2010_x86_64.whl", hash = "sha256:84dee80c15f1b560d55bcfe6d47b27d070b4681c699c572af2e3c7cc90a3b8e0"},
    {file = "MarkupSafe-1.1.1-cp36-cp36m-manylinux2014_aarch64.whl", hash = "sha256:b1dba4527182c95a0db8b6060cc98ac49b9e2f5e64320e2b56e47cb2831978c7"},
    {file = "MarkupSafe-1.1.1-cp36-cp36m-win32.whl", hash = "sha256:535f6fc4d397c1563d08b88e485c3496cf5784e927af890fb3c3aac7f933ec66"},
    {file = "MarkupSafe-1.1.1-cp36-cp36m-win_amd64.whl", hash = "sha256:b1282f8c00509d99fef04d8ba936b156d419be841854fe901d8ae224c59f0be5"},
    {file = "MarkupSafe-1.1.1-cp37-cp37m-macosx_10_6_intel.whl", hash = "sha256:8defac2f2ccd6805ebf65f5eeb132adcf2ab57aa11fdf4c0dd5169a004710e7d"},
    {file = "MarkupSafe-1.1.1-cp37-cp37m-macosx_10_9_x86_64.whl", hash = "sha256:bf5aa3cbcfdf57fa2ee9cd1822c862ef23037f5c832ad09cfea57fa846dec193"},
    {file = "MarkupSafe-1.1.1-cp37-cp37m-manylinux1_i686.whl", hash = "sha256:46c99d2de99945ec5cb54f23c8cd5689f6d7177305ebff350a58ce5f8de1669e"},
    {file = "MarkupSafe-1.1.1-cp37-cp37m-manylinux1_x86_64.whl", hash = "sha256:ba59edeaa2fc6114428f1637ffff42da1e311e29382d81b339c1817d37ec93c6"},
    {file = "MarkupSafe-1.1.1-cp37-cp37m-manylinux2010_i686.whl", hash = "sha256:6fffc775d90dcc9aed1b89219549b329a9250d918fd0b8fa8d93d154918422e1"},
    {file = "MarkupSafe-1.1.1-cp37-cp37m-manylinux2010_x86_64.whl", hash = "sha256:a6a744282b7718a2a62d2ed9d993cad6f5f585605ad352c11de459f4108df0a1"},
    {file = "MarkupSafe-1.1.1-cp37-cp37m-manylinux2014_aarch64.whl", hash = "sha256:195d7d2c4fbb0ee8139a6cf67194f3973a6b3042d742ebe0a9ed36d8b6f0c07f"},
    {file = "MarkupSafe-1.1.1-cp37-cp37m-win32.whl", hash = "sha256:b00c1de48212e4cc9603895652c5c410df699856a2853135b3967591e4beebc2"},
    {file = "MarkupSafe-1.1.1-cp37-cp37m-win_amd64.whl", hash = "sha256:9bf40443012702a1d2070043cb6291650a0841ece432556f784f004937f0f32c"},
    {file = "MarkupSafe-1.1.1-cp38-cp38-macosx_10_9_x86_64.whl", hash = "sha256:6788b695d50a51edb699cb55e35487e430fa21f1ed838122d722e0ff0ac5ba15"},
    {file = "MarkupSafe-1.1.1-cp38-cp38-manylinux1_i686.whl", hash = "sha256:cdb132fc825c38e1aeec2c8aa9338310d29d337bebbd7baa06889d09a60a1fa2"},
    {file = "MarkupSafe-1.1.1-cp38-cp38-manylinux1_x86_64.whl", hash = "sha256:13d3144e1e340870b25e7b10b98d779608c02016d5184cfb9927a9f10c689f42"},
    {file = "MarkupSafe-1.1.1-cp38-cp38-manylinux2010_i686.whl", hash = "sha256:acf08ac40292838b3cbbb06cfe9b2cb9ec78fce8baca31ddb87aaac2e2dc3bc2"},
    {file = "MarkupSafe-1.1.1-cp38-cp38-manylinux2010_x86_64.whl", hash = "sha256:d9be0ba6c527163cbed5e0857c451fcd092ce83947944d6c14bc95441203f032"},
    {file = "MarkupSafe-1.1.1-cp38-cp38-manylinux2014_aarch64.whl", hash = "sha256:caabedc8323f1e93231b52fc32bdcde6db817623d33e100708d9a68e1f53b26b"},
    {file = "MarkupSafe-1.1.1-cp38-cp38-win32.whl", hash = "sha256:596510de112c685489095da617b5bcbbac7dd6384aeebeda4df6025d0256a81b"},
    {file = "MarkupSafe-1.1.1-cp38-cp38-win_amd64.whl", hash = "sha256:e8313f01ba26fbbe36c7be1966a7b7424942f670f38e666995b88d012765b9be"},
    {file = "MarkupSafe-1.1.1-cp39-cp39-macosx_10_9_x86_64.whl", hash = "sha256:d73a845f227b0bfe8a7455ee623525ee656a9e2e749e4742706d80a6065d5e2c"},
    {file = "MarkupSafe-1.1.1-cp39-cp39-manylinux1_i686.whl", hash = "sha256:98bae9582248d6cf62321dcb52aaf5d9adf0bad3b40582925ef7c7f0ed85fceb"},
    {file = "MarkupSafe-1.1.1-cp39-cp39-manylinux1_x86_64.whl", hash = "sha256:2beec1e0de6924ea551859edb9e7679da6e4870d32cb766240ce17e0a0ba2014"},
    {file = "MarkupSafe-1.1.1-cp39-cp39-manylinux2010_i686.whl", hash = "sha256:7fed13866cf14bba33e7176717346713881f56d9d2bcebab207f7a036f41b850"},
    {file = "MarkupSafe-1.1.1-cp39-cp39-manylinux2010_x86_64.whl", hash = "sha256:6f1e273a344928347c1290119b493a1f0303c52f5a5eae5f16d74f48c15d4a85"},
    {file = "MarkupSafe-1.1.1-cp39-cp39-manylinux2014_aarch64.whl", hash = "sha256:feb7b34d6325451ef96bc0e36e1a6c0c1c64bc1fbec4b854f4529e51887b1621"},
    {file = "MarkupSafe-1.1.1-cp39-cp39-win32.whl", hash = "sha256:22c178a091fc6630d0d045bdb5992d2dfe14e3259760e713c490da5323866c39"},
    {file = "MarkupSafe-1.1.1-cp39-cp39-win_amd64.whl", hash = "sha256:b7d644ddb4dbd407d31ffb699f1d140bc35478da613b441c582aeb7c43838dd8"},
    {file = "MarkupSafe-1.1.1.tar.gz", hash = "sha256:29872e92839765e546828bb7754a68c418d927cd064fd4708fab9fe9c8bb116b"},
]

[[package]]
name = "mccabe"
version = "0.6.1"
description = "McCabe checker, plugin for flake8"
optional = false
python-versions = "*"
groups = ["dev"]
files = [
    {file = "mccabe-0.6.1-py2.py3-none-any.whl", hash = "sha256:ab8a6258860da4b6677da4bd2fe5dc2c659cff31b3ee4f7f5d64e79735b80d42"},
    {file = "mccabe-0.6.1.tar.gz", hash = "sha256:dd8d182285a0fe56bace7f45b5e7d1a6ebcbf524e8f3bd87eb0f125271b8831f"},
]

[[package]]
name = "mock"
version = "2.0.0"
description = "Rolling backport of unittest.mock for all Pythons"
optional = false
python-versions = "*"
groups = ["dev"]
files = [
    {file = "mock-2.0.0-py2.py3-none-any.whl", hash = "sha256:5ce3c71c5545b472da17b72268978914d0252980348636840bd34a00b5cc96c1"},
    {file = "mock-2.0.0.tar.gz", hash = "sha256:b158b6df76edd239b8208d481dc46b6afd45a846b7812ff0ce58971cf5bc8bba"},
]

[package.dependencies]
pbr = ">=0.11"
six = ">=1.9"

[package.extras]
docs = ["Pygments (<2) ; python_version < \"3.3\" and python_version >= \"3\"", "jinja2 (<2.7) ; python_version < \"3.3\" and python_version >= \"3\"", "sphinx (<1.3) ; python_version < \"3.3\" and python_version >= \"3\"", "sphinx ; python_version < \"3\" or python_version >= \"3.3\""]
test = ["unittest2 (>=1.1.0)"]

[[package]]
name = "more-itertools"
version = "5.0.0"
description = "More routines for operating on iterables, beyond itertools"
optional = false
python-versions = "*"
groups = ["main"]
files = [
    {file = "more-itertools-5.0.0.tar.gz", hash = "sha256:38a936c0a6d98a38bcc2d03fdaaedaba9f412879461dd2ceff8d37564d6522e4"},
    {file = "more_itertools-5.0.0-py2-none-any.whl", hash = "sha256:c0a5785b1109a6bd7fac76d6837fd1feca158e54e521ccd2ae8bfe393cc9d4fc"},
    {file = "more_itertools-5.0.0-py3-none-any.whl", hash = "sha256:fe7a7cae1ccb57d33952113ff4fa1bc5f879963600ed74918f1236e212ee50b9"},
]

[package.dependencies]
six = ">=1.0.0,<2.0.0"

[[package]]
name = "nose"
version = "1.3.7"
description = "nose extends unittest to make testing easier"
optional = false
python-versions = "*"
groups = ["dev"]
files = [
    {file = "nose-1.3.7-py2-none-any.whl", hash = "sha256:dadcddc0aefbf99eea214e0f1232b94f2fa9bd98fa8353711dacb112bfcbbb2a"},
    {file = "nose-1.3.7-py3-none-any.whl", hash = "sha256:9ff7c6cc443f8c51994b34a667bbcf45afd6d945be7477b52e97516fd17c53ac"},
    {file = "nose-1.3.7.tar.gz", hash = "sha256:f1bffef9cbc82628f6e7d7b40d7e255aefaa1adb6a1b1d26c69a8b79e6208a98"},
]

[[package]]
name = "pbr"
version = "6.1.1"
description = "Python Build Reasonableness"
optional = false
python-versions = ">=2.6"
groups = ["dev"]
files = [
    {file = "pbr-6.1.1-py2.py3-none-any.whl", hash = "sha256:38d4daea5d9fa63b3f626131b9d34947fd0c8be9b05a29276870580050a25a76"},
    {file = "pbr-6.1.1.tar.gz", hash = "sha256:93ea72ce6989eb2eed99d0f75721474f69ad88128afdef5ac377eb797c4bf76b"},
]

[package.dependencies]
setuptools = "*"

[[package]]
name = "publication"
version = "0.0.3"
description = "Publication helps you maintain public-api-friendly modules by preventing unintentional access to private implementation details via introspection."
optional = false
python-versions = "*"
groups = ["main"]
files = [
    {file = "publication-0.0.3-py2.py3-none-any.whl", hash = "sha256:0248885351febc11d8a1098d5c8e3ab2dabcf3e8c0c96db1e17ecd12b53afbe6"},
    {file = "publication-0.0.3.tar.gz", hash = "sha256:68416a0de76dddcdd2930d1c8ef853a743cc96c82416c4e4d3b5d901c6276dc4"},
]

[[package]]
name = "pyasn1"
version = "0.4.8"
description = "ASN.1 types and codecs"
optional = false
python-versions = "*"
groups = ["main"]
files = [
    {file = "pyasn1-0.4.8-py2.py3-none-any.whl", hash = "sha256:39c7e2ec30515947ff4e87fb6f456dfc6e84857d34be479c9d4a4ba4bf46aa5d"},
    {file = "pyasn1-0.4.8.tar.gz", hash = "sha256:aef77c9fb94a3ac588e87841208bdec464471d9871bd5050a287cc9a475cd0ba"},
]

[[package]]
name = "pycodestyle"
version = "2.7.0"
description = "Python style guide checker"
optional = false
python-versions = ">=2.7, !=3.0.*, !=3.1.*, !=3.2.*, !=3.3.*"
groups = ["dev"]
files = [
    {file = "pycodestyle-2.7.0-py2.py3-none-any.whl", hash = "sha256:514f76d918fcc0b55c6680472f0a37970994e07bbb80725808c17089be302068"},
    {file = "pycodestyle-2.7.0.tar.gz", hash = "sha256:c389c1d06bf7904078ca03399a4816f974a1d590090fecea0c63ec26ebaf1cef"},
]

[[package]]
name = "pyflakes"
version = "2.3.1"
description = "passive checker of Python programs"
optional = false
python-versions = ">=2.7, !=3.0.*, !=3.1.*, !=3.2.*, !=3.3.*"
groups = ["dev"]
files = [
    {file = "pyflakes-2.3.1-py2.py3-none-any.whl", hash = "sha256:7893783d01b8a89811dd72d7dfd4d84ff098e5eed95cfa8905b22bbffe52efc3"},
    {file = "pyflakes-2.3.1.tar.gz", hash = "sha256:f5bc8ecabc05bb9d291eb5203d6810b49040f6ff446a756326104746cc00c1db"},
]

[[package]]
name = "python-dateutil"
version = "2.9.0.post0"
description = "Extensions to the standard Python datetime module"
optional = false
python-versions = "!=3.0.*,!=3.1.*,!=3.2.*,>=2.7"
groups = ["main"]
files = [
    {file = "python-dateutil-2.9.0.post0.tar.gz", hash = "sha256:37dd54208da7e1cd875388217d5e00ebd4179249f90fb72437e91a35459a0ad3"},
    {file = "python_dateutil-2.9.0.post0-py2.py3-none-any.whl", hash = "sha256:a8b2bc7bffae282281c8140a97d3aa9c14da0b136dfe83f850eea9a5f7470427"},
]

[package.dependencies]
six = ">=1.5"

[[package]]
name = "python-jose"
version = "3.1.0"
description = "JOSE implementation in Python"
optional = false
python-versions = "*"
groups = ["main"]
files = [
    {file = "python-jose-3.1.0.tar.gz", hash = "sha256:8484b7fdb6962e9d242cce7680469ecf92bda95d10bbcbbeb560cacdff3abfce"},
    {file = "python_jose-3.1.0-py2.py3-none-any.whl", hash = "sha256:1ac4caf4bfebd5a70cf5bd82702ed850db69b0b6e1d0ae7368e5f99ac01c9571"},
]

[package.dependencies]
ecdsa = "<1.0"
pyasn1 = "*"
rsa = "*"
six = "<2.0"

[package.extras]
cryptography = ["cryptography"]
pycrypto = ["pyasn1", "pycrypto (>=2.6.0,<2.7.0)"]
pycryptodome = ["pyasn1", "pycryptodome (>=3.3.1,<4.0.0)"]

[[package]]
name = "pyyaml"
version = "5.3.1"
description = "YAML parser and emitter for Python"
optional = false
python-versions = "*"
groups = ["main"]
files = [
    {file = "PyYAML-5.3.1-cp27-cp27m-win32.whl", hash = "sha256:74809a57b329d6cc0fdccee6318f44b9b8649961fa73144a98735b0aaf029f1f"},
    {file = "PyYAML-5.3.1-cp27-cp27m-win_amd64.whl", hash = "sha256:240097ff019d7c70a4922b6869d8a86407758333f02203e0fc6ff79c5dcede76"},
    {file = "PyYAML-5.3.1-cp35-cp35m-win32.whl", hash = "sha256:4f4b913ca1a7319b33cfb1369e91e50354d6f07a135f3b901aca02aa95940bd2"},
    {file = "PyYAML-5.3.1-cp35-cp35m-win_amd64.whl", hash = "sha256:cc8955cfbfc7a115fa81d85284ee61147059a753344bc51098f3ccd69b0d7e0c"},
    {file = "PyYAML-5.3.1-cp36-cp36m-win32.whl", hash = "sha256:7739fc0fa8205b3ee8808aea45e968bc90082c10aef6ea95e855e10abf4a37b2"},
    {file = "PyYAML-5.3.1-cp36-cp36m-win_amd64.whl", hash = "sha256:69f00dca373f240f842b2931fb2c7e14ddbacd1397d57157a9b005a6a9942648"},
    {file = "PyYAML-5.3.1-cp37-cp37m-win32.whl", hash = "sha256:d13155f591e6fcc1ec3b30685d50bf0711574e2c0dfffd7644babf8b5102ca1a"},
    {file = "PyYAML-5.3.1-cp37-cp37m-win_amd64.whl", hash = "sha256:73f099454b799e05e5ab51423c7bcf361c58d3206fa7b0d555426b1f4d9a3eaf"},
    {file = "PyYAML-5.3.1-cp38-cp38-win32.whl", hash = "sha256:06a0d7ba600ce0b2d2fe2e78453a470b5a6e000a985dd4a4e54e436cc36b0e97"},
    {file = "PyYAML-5.3.1-cp38-cp38-win_amd64.whl", hash = "sha256:95f71d2af0ff4227885f7a6605c37fd53d3a106fcab511b8860ecca9fcf400ee"},
    {file = "PyYAML-5.3.1-cp39-cp39-win32.whl", hash = "sha256:ad9c67312c84def58f3c04504727ca879cb0013b2517c85a9a253f0cb6380c0a"},
    {file = "PyYAML-5.3.1-cp39-cp39-win_amd64.whl", hash = "sha256:6034f55dab5fea9e53f436aa68fa3ace2634918e8b5994d82f3621c04ff5ed2e"},
    {file = "PyYAML-5.3.1.tar.gz", hash = "sha256:b8eac752c5e14d3eca0e6dd9199cd627518cb5ec06add0de9d32baeee6fe645d"},
]

[[package]]
name = "rsa"
version = "4.5"
description = "Pure-Python RSA implementation"
optional = false
python-versions = ">=2.7, !=3.0.*, !=3.1.*, !=3.2.*, !=3.3.*, !=3.4.*, <4"
groups = ["main"]
files = [
    {file = "rsa-4.5-py2.py3-none-any.whl", hash = "sha256:35c5b5f6675ac02120036d97cf96f1fde4d49670543db2822ba5015e21a18032"},
    {file = "rsa-4.5.tar.gz", hash = "sha256:4d409f5a7d78530a4a2062574c7bd80311bc3af29b364e293aa9b03eea77714f"},
]

[package.dependencies]
pyasn1 = ">=0.1.3"

[[package]]
name = "s3transfer"
version = "0.12.0"
description = "An Amazon S3 Transfer Manager"
optional = false
python-versions = ">=3.9"
groups = ["main"]
files = [
    {file = "s3transfer-0.12.0-py3-none-any.whl", hash = "sha256:35b314d7d82865756edab59f7baebc6b477189e6ab4c53050e28c1de4d9cce18"},
    {file = "s3transfer-0.12.0.tar.gz", hash = "sha256:8ac58bc1989a3fdb7c7f3ee0918a66b160d038a147c7b5db1500930a607e9a1c"},
]

[package.dependencies]
botocore = ">=1.37.4,<2.0a.0"

[package.extras]
crt = ["botocore[crt] (>=1.37.4,<2.0a.0)"]

[[package]]
name = "schematics"
version = "2.0.1"
description = "Python Data Structures for Humans"
optional = false
python-versions = "*"
groups = ["main"]
files = [
    {file = "schematics-2.0.1-py2.py3-none-any.whl", hash = "sha256:d9798a9ba0e1e1f2bde4a15780baa95ed66f748fa52d22bb89893d66ad0fac55"},
    {file = "schematics-2.0.1.tar.gz", hash = "sha256:eaecac4ae5a86faa111f16befa26510bc66dc093c52df200f3aad54459e39640"},
]

[[package]]
name = "setuptools"
version = "69.5.1"
description = "Easily download, build, install, upgrade, and uninstall Python packages"
optional = false
python-versions = ">=3.8"
groups = ["dev"]
files = [
    {file = "setuptools-69.5.1-py3-none-any.whl", hash = "sha256:c636ac361bc47580504644275c9ad802c50415c7522212252c033bd15f301f32"},
    {file = "setuptools-69.5.1.tar.gz", hash = "sha256:6c1fccdac05a97e598fb0ae3bbed5904ccb317337a51139dcd51453611bbb987"},
]

[package.extras]
docs = ["furo", "jaraco.packaging (>=9.3)", "jaraco.tidelift (>=1.4)", "pygments-github-lexers (==0.0.5)", "rst.linker (>=1.9)", "sphinx (>=3.5)", "sphinx-favicon", "sphinx-inline-tabs", "sphinx-lint", "sphinx-notfound-page (>=1,<2)", "sphinx-reredirects", "sphinxcontrib-towncrier"]
testing = ["build[virtualenv]", "filelock (>=3.4.0)", "importlib-metadata", "ini2toml[lite] (>=0.9)", "jaraco.develop (>=7.21) ; python_version >= \"3.9\" and sys_platform != \"cygwin\"", "jaraco.envs (>=2.2)", "jaraco.path (>=3.2.0)", "mypy (==1.9)", "packaging (>=23.2)", "pip (>=19.1)", "pytest (>=6,!=8.1.1)", "pytest-checkdocs (>=2.4)", "pytest-cov ; platform_python_implementation != \"PyPy\"", "pytest-enabler (>=2.2)", "pytest-home (>=0.5)", "pytest-mypy", "pytest-perf ; sys_platform != \"cygwin\"", "pytest-ruff (>=0.2.1) ; sys_platform != \"cygwin\"", "pytest-timeout", "pytest-xdist (>=3)", "tomli", "tomli-w (>=1.0.0)", "virtualenv (>=13.0.0)", "wheel"]
testing-integration = ["build[virtualenv] (>=1.0.3)", "filelock (>=3.4.0)", "jaraco.envs (>=2.2)", "jaraco.path (>=3.2.0)", "packaging (>=23.2)", "pytest", "pytest-enabler", "pytest-xdist", "tomli", "virtualenv (>=13.0.0)", "wheel"]

[[package]]
name = "six"
version = "1.17.0"
description = "Python 2 and 3 compatibility utilities"
optional = false
python-versions = "!=3.0.*,!=3.1.*,!=3.2.*,>=2.7"
groups = ["main", "dev"]
files = [
    {file = "six-1.17.0-py2.py3-none-any.whl", hash = "sha256:4721f391ed90541fddacab5acf947aa0d3dc7d27b2e1e8eda2be8970586c3274"},
    {file = "six-1.17.0.tar.gz", hash = "sha256:ff70335d468e7eb6ec65b95b99d3a2836546063f63acc5171de367e834932a81"},
]

[[package]]
name = "smmap"
version = "5.0.2"
description = "A pure Python implementation of a sliding window memory map manager"
optional = false
python-versions = ">=3.7"
groups = ["main"]
files = [
    {file = "smmap-5.0.2-py3-none-any.whl", hash = "sha256:b30115f0def7d7531d22a0fb6502488d879e75b260a9db4d0819cfb25403af5e"},
    {file = "smmap-5.0.2.tar.gz", hash = "sha256:26ea65a03958fa0c8a1c7e8c7a58fdc77221b8910f6be2131affade476898ad5"},
]

[[package]]
name = "smmap2"
version = "3.0.1"
description = "A mirror package for smmap"
optional = false
python-versions = "*"
groups = ["main"]
files = [
    {file = "smmap2-3.0.1-py3-none-any.whl", hash = "sha256:0cb6ea470b1ad9a65a02ca7f4c7ae601861f7dd24a43812ca51cfca2892bb524"},
    {file = "smmap2-3.0.1.tar.gz", hash = "sha256:44cc8bdaf96442dbb9a8e2e14377d074b3d0eea292eee3c95c8c449b6c92c557"},
]

[package.dependencies]
smmap = ">=3.0.1"

[[package]]
name = "stacker"
version = "1.7.2"
description = "AWS CloudFormation Stack manager"
optional = false
python-versions = "*"
groups = ["main"]
files = [
    {file = "stacker-1.7.2-py2-none-any.whl", hash = "sha256:9d5cb945f3bb6dbc626acfbfe7d89c0fb032f6087459c91c10082780ed474e5d"},
    {file = "stacker-1.7.2.tar.gz", hash = "sha256:6b123b84f5dfde8c5fb68f4fa0554aab49ae4cbb73f153ea1ab0714a9578e4ea"},
]

[package.dependencies]
awacs = ">=0.6.0"
boto3 = ">=1.9.111,<2.0"
botocore = ">=1.12.111"
formic2 = "*"
future = "*"
gitpython = ">=2.0,<3.0"
jinja2 = ">=2.7,<3.0a"
MarkupSafe = "<2.0"
more-itertools = "<6.0.0"
python-dateutil = ">=2.0,<3.0"
python-jose = "<3.2.0"
PyYAML = ">=3.13b1"
rsa = "4.5"
schematics = ">=2.0.1,<2.1.0"
troposphere = ">=1.9.0"

[package.extras]
testing = ["flake8-future-import", "mock (>=2.0,<3.0)", "moto[awslambda] (>=1.3.16,<1.4.0)", "pytest (>=4.3,<5.0)", "pytest-cov (>=2.6,<3.0)", "testfixtures (>=4.10.0,<4.11.0)"]

[[package]]
name = "stacker-blueprints"
version = "1.0.8"
description = "Default blueprints for stacker"
optional = false
python-versions = "*"
groups = ["main"]
files = [
    {file = "stacker_blueprints-1.0.8.tar.gz", hash = "sha256:76b6aa3e4e113b18312c455504d25e007b39f859f34e713c67e8e92b929fd834"},
]

[package.dependencies]
awacs = ">=0.8.0"
python-dateutil = "<3.0.0"
stacker = ">=1.0.1"
troposphere = ">=2.2.2"

[[package]]
name = "troposphere"
version = "4.9.2"
description = "AWS CloudFormation creation library"
optional = false
python-versions = ">=3.8"
groups = ["main"]
files = [
    {file = "troposphere-4.9.2-py3-none-any.whl", hash = "sha256:8675f96e96772a2a086b2ea0a1c29b794ca57038a2f0ab40a9e94006b6717b4a"},
    {file = "troposphere-4.9.2.tar.gz", hash = "sha256:71bf6cc77994e79f15431d4c6a344e4b872f87fb56bb3bf648cb41bfd6bc58a9"},
]

[package.dependencies]
cfn_flip = ">=1.0.2"

[package.extras]
policy = ["awacs (>=2.0.0)"]

[[package]]
name = "typeguard"
version = "2.13.3"
description = "Run-time type checker for Python"
optional = false
python-versions = ">=3.5.3"
groups = ["main"]
files = [
    {file = "typeguard-2.13.3-py3-none-any.whl", hash = "sha256:5e3e3be01e887e7eafae5af63d1f36c849aaa94e3a0112097312aabfa16284f1"},
    {file = "typeguard-2.13.3.tar.gz", hash = "sha256:00edaa8da3a133674796cf5ea87d9f4b4c367d77476e185e80251cc13dfbb8c4"},
]

[package.extras]
doc = ["sphinx-autodoc-typehints (>=1.2.0)", "sphinx-rtd-theme"]
test = ["mypy ; platform_python_implementation != \"PyPy\"", "pytest", "typing-extensions"]

[[package]]
name = "typing-extensions"
version = "4.13.2"
description = "Backported and Experimental Type Hints for Python 3.8+"
optional = false
python-versions = ">=3.8"
groups = ["main"]
files = [
    {file = "typing_extensions-4.13.2-py3-none-any.whl", hash = "sha256:a439e7c04b49fec3e5d3e2beaa21755cadbbdc391694e28ccdd36ca4a1408f8c"},
    {file = "typing_extensions-4.13.2.tar.gz", hash = "sha256:e6c81219bd689f51865d9e372991c540bda33a0379d5573cddb9a3a23f7caaef"},
]

[[package]]
name = "urllib3"
version = "1.26.9"
description = "HTTP library with thread-safe connection pooling, file post, and more."
optional = false
python-versions = ">=2.7, !=3.0.*, !=3.1.*, !=3.2.*, !=3.3.*, !=3.4.*, <4"
groups = ["main"]
markers = "python_version == \"3.9\""
files = [
    {file = "urllib3-1.26.9-py2.py3-none-any.whl", hash = "sha256:44ece4d53fb1706f667c9bd1c648f5469a2ec925fcf3a776667042d645472c14"},
    {file = "urllib3-1.26.9.tar.gz", hash = "sha256:aabaf16477806a5e1dd19aa41f8c2b7950dd3c746362d7e3223dbe6de6ac448e"},
]

[package.extras]
brotli = ["brotli (>=1.0.9) ; (os_name != \"nt\" or python_version >= \"3\") and platform_python_implementation == \"CPython\"", "brotlicffi (>=0.8.0) ; (os_name != \"nt\" or python_version >= \"3\") and platform_python_implementation != \"CPython\"", "brotlipy (>=0.6.0) ; os_name == \"nt\" and python_version < \"3\""]
secure = ["certifi", "cryptography (>=1.3.4)", "idna (>=2.0.0)", "ipaddress ; python_version == \"2.7\"", "pyOpenSSL (>=0.14)"]
socks = ["PySocks (>=1.5.6,!=1.5.7,<2.0)"]

[[package]]
name = "urllib3"
version = "2.4.0"
description = "HTTP library with thread-safe connection pooling, file post, and more."
optional = false
python-versions = ">=3.9"
groups = ["main"]
markers = "python_version >= \"3.10\""
files = [
    {file = "urllib3-2.4.0-py3-none-any.whl", hash = "sha256:4e16665048960a0900c702d4a66415956a584919c03361cac9f1df5c5dd7e813"},
    {file = "urllib3-2.4.0.tar.gz", hash = "sha256:414bc6535b787febd7567804cc015fee39daab8ad86268f1310a9250697de466"},
]

[package.extras]
brotli = ["brotli (>=1.0.9) ; platform_python_implementation == \"CPython\"", "brotlicffi (>=0.8.0) ; platform_python_implementation != \"CPython\""]
h2 = ["h2 (>=4,<5)"]
socks = ["pysocks (>=1.5.6,!=1.5.7,<2.0)"]
zstd = ["zstandard (>=0.18.0)"]

[[package]]
name = "zipp"
version = "3.21.0"
description = "Backport of pathlib-compatible object wrapper for zip files"
optional = false
python-versions = ">=3.9"
groups = ["main"]
markers = "python_version == \"3.9\""
files = [
    {file = "zipp-3.21.0-py3-none-any.whl", hash = "sha256:ac1bbe05fd2991f160ebce24ffbac5f6d11d83dc90891255885223d42b3cd931"},
    {file = "zipp-3.21.0.tar.gz", hash = "sha256:2c9958f6430a2040341a52eb608ed6dd93ef4392e02ffe219417c1b28b5dd1f4"},
]

[package.extras]
check = ["pytest-checkdocs (>=2.4)", "pytest-ruff (>=0.2.1) ; sys_platform != \"cygwin\""]
cover = ["pytest-cov"]
doc = ["furo", "jaraco.packaging (>=9.3)", "jaraco.tidelift (>=1.4)", "rst.linker (>=1.9)", "sphinx (>=3.5)", "sphinx-lint"]
enabler = ["pytest-enabler (>=2.2)"]
test = ["big-O", "importlib-resources ; python_version < \"3.9\"", "jaraco.functools", "jaraco.itertools", "jaraco.test", "more-itertools", "pytest (>=6,!=8.1.*)", "pytest-ignore-flaky"]
type = ["pytest-mypy"]

[metadata]
lock-version = "2.1"
python-versions = "^3.9"
content-hash = "f56aba3624157e16355d1cb16ff9136e016023eff7f4372df0e47dd6f55daf47"
